
Microsoft Visual Studio Solution File, Format Version 12.00
# Visual Studio Version 17
VisualStudioVersion = 17.14.36717.8 d17.14
MinimumVisualStudioVersion = 10.0.40219.1
Project("{FAE04EC0-301F-11D3-BF4B-00C04F79EFBC}") = "MinimalAPIDemo", "MinimalAPIDemo\MinimalAPIDemo.csproj", "{F73D4B6D-C867-4040-BBAA-A4C5B6FA5DC1}"
EndProject
Project("{00D1A9C2-B5F0-4AF3-8072-F6C62B433612}") = "UserDB", "UserDB\UserDB.sqlproj", "{AFA6B2BA-BA56-4451-BD6D-AFBBA5AA9640}"
EndProject
Global
	GlobalSection(SolutionConfigurationPlatforms) = preSolution
		Debug|Any CPU = Debug|Any CPU
		Release|Any CPU = Release|Any CPU
	EndGlobalSection
	GlobalSection(ProjectConfigurationPlatforms) = postSolution
		{F73D4B6D-C867-4040-BBAA-A4C5B6FA5DC1}.Debug|Any CPU.ActiveCfg = Debug|Any CPU
		{F73D4B6D-C867-4040-BBAA-A4C5B6FA5DC1}.Debug|Any CPU.Build.0 = Debug|Any CPU
		{F73D4B6D-C867-4040-BBAA-A4C5B6FA5DC1}.Release|Any CPU.ActiveCfg = Release|Any CPU
		{F73D4B6D-C867-4040-BBAA-A4C5B6FA5DC1}.Release|Any CPU.Build.0 = Release|Any CPU
		{AFA6B2BA-BA56-4451-BD6D-AFBBA5AA9640}.Debug|Any CPU.ActiveCfg = Debug|Any CPU
		{AFA6B2BA-BA56-4451-BD6D-AFBBA5AA9640}.Debug|Any CPU.Build.0 = Debug|Any CPU
		{AFA6B2BA-BA56-4451-BD6D-AFBBA5AA9640}.Debug|Any CPU.Deploy.0 = Debug|Any CPU
		{AFA6B2BA-BA56-4451-BD6D-AFBBA5AA9640}.Release|Any CPU.ActiveCfg = Release|Any CPU
		{AFA6B2BA-BA56-4451-BD6D-AFBBA5AA9640}.Release|Any CPU.Build.0 = Release|Any CPU
		{AFA6B2BA-BA56-4451-BD6D-AFBBA5AA9640}.Release|Any CPU.Deploy.0 = Release|Any CPU
	EndGlobalSection
	GlobalSection(SolutionProperties) = preSolution
		HideSolutionNode = FALSE
	EndGlobalSection
	GlobalSection(ExtensibilityGlobals) = postSolution
		SolutionGuid = {05BD0E76-CA9E-47D9-8CFB-962E4D0CF0AD}
	EndGlobalSection
EndGlobal
